{
  "nodes": {
    "flake-utils": {
      "inputs": {
        "systems": "systems"
      },
      "locked": {
        "lastModified": 1731533236,
        "narHash": "sha256-l0KFg5HjrsfsO/JpG+r7fRrqm12kzFHyUHqHCVpMMbI=",
        "owner": "numtide",
        "repo": "flake-utils",
        "rev": "11707dc2f618dd54ca8739b309ec4fc024de578b",
        "type": "github"
      },
      "original": {
        "owner": "numtide",
        "repo": "flake-utils",
        "type": "github"
      }
    },
    "nixpkgs": {
      "locked": {
        "lastModified": 1763334038,
        "narHash": "sha256-LBVOyaH6NFzQ3X/c6vfMZ9k4SV2ofhpxeL9YnhHNJQQ=",
        "owner": "NixOS",
        "repo": "nixpkgs",
        "rev": "4c8cdd5b1a630e8f72c9dd9bf582b1afb3127d2c",
        "type": "github"
      },
      "original": {
        "owner": "NixOS",
        "ref": "nixos-25.05",
        "repo": "nixpkgs",
        "type": "github"
      }
    },
    "nixpkgs_2": {
      "locked": {
        "lastModified": 1747953325,
        "narHash": "sha256-y2ZtlIlNTuVJUZCqzZAhIw5rrKP4DOSklev6c8PyCkQ=",
        "owner": "NixOS",
        "repo": "nixpkgs",
        "rev": "55d1f923c480dadce40f5231feb472e81b0bab48",
        "type": "github"
      },
      "original": {
        "owner": "NixOS",
        "ref": "nixos-25.05",
        "repo": "nixpkgs",
        "type": "github"
      }
    },
    "nixpkgs_3": {
      "locked": {
        "lastModified": 1760580664,
        "narHash": "sha256-/YdfibIrnqXAL8p5kqCU345mzpHoOtuVIkMiI2pF4Dc=",
        "owner": "NixOS",
        "repo": "nixpkgs",
        "rev": "98ff3f9af2684f6136c24beef08f5e2033fc5389",
        "type": "github"
      },
      "original": {
        "owner": "NixOS",
        "ref": "nixos-25.05",
        "repo": "nixpkgs",
        "type": "github"
      }
    },
    "nixpkgs_4": {
      "locked": {
        "lastModified": 1757545623,
        "narHash": "sha256-mCxPABZ6jRjUQx3bPP4vjA68ETbPLNz9V2pk9tO7pRQ=",
        "owner": "NixOS",
        "repo": "nixpkgs",
        "rev": "8cd5ce828d5d1d16feff37340171a98fc3bf6526",
        "type": "github"
      },
      "original": {
        "owner": "NixOS",
        "ref": "nixos-25.05",
        "repo": "nixpkgs",
        "type": "github"
      }
    },
    "nixpkgs_5": {
      "locked": {
        "lastModified": 1747953325,
        "narHash": "sha256-y2ZtlIlNTuVJUZCqzZAhIw5rrKP4DOSklev6c8PyCkQ=",
        "owner": "NixOS",
        "repo": "nixpkgs",
        "rev": "55d1f923c480dadce40f5231feb472e81b0bab48",
        "type": "github"
      },
      "original": {
        "owner": "NixOS",
        "ref": "nixos-25.05",
        "repo": "nixpkgs",
        "type": "github"
      }
    },
    "repx-nix": {
      "inputs": {
        "nixpkgs": "nixpkgs_2"
      },
      "locked": {
        "lastModified": 1763812204,
        "narHash": "sha256-iydz35pl4MQS8Rjzh/lgQx2GqiyQEqKVJJd3xcR/OKk=",
        "owner": "repx-org",
        "repo": "repx-nix",
        "rev": "fbb2b8127e91cedbe2a402024ba9d150a9945115",
        "type": "github"
      },
      "original": {
        "owner": "repx-org",
        "repo": "repx-nix",
        "type": "github"
      }
    },
    "repx-nix_2": {
      "inputs": {
        "nixpkgs": "nixpkgs_5"
      },
      "locked": {
        "lastModified": 1763742583,
        "narHash": "sha256-kw18dAXyjT2pwEbPzOnhQ1OW1DUcLoer6VUF4c+aKiQ=",
        "owner": "repx-org",
        "repo": "repx-nix",
        "rev": "4911e5f5511aec30c4444c39c6f7beb581df1eaf",
        "type": "github"
      },
      "original": {
        "owner": "repx-org",
        "ref": "main",
        "repo": "repx-nix",
        "type": "github"
      }
    },
    "repx-py": {
      "inputs": {
        "flake-utils": "flake-utils",
        "nixpkgs": "nixpkgs_3",
        "repx-reference": "repx-reference"
      },
      "locked": {
        "lastModified": 1763750114,
        "narHash": "sha256-Y5+HyxM+s8kJOhmPFhRpspb4YNEWAMvRZJ1ShFxVsyk=",
        "owner": "repx-org",
        "repo": "repx-py",
        "rev": "39e9d80230a57d52bff0b12103b3e6bdb4ae7e06",
        "type": "github"
      },
      "original": {
        "owner": "repx-org",
        "repo": "repx-py",
        "type": "github"
      }
    },
    "repx-reference": {
      "inputs": {
        "nixpkgs": "nixpkgs_4",
        "repx-nix": "repx-nix_2"
      },
      "locked": {
        "dir": "examples/reference",
        "lastModified": 1763745795,
        "narHash": "sha256-wBgUxzGD/Vv8Fz7TCjDDm1qvLwwUNkoasK37r6jCHYM=",
        "owner": "repx-org",
        "repo": "repx",
        "rev": "b8293cb8b844919e73b1cf43f91e31aca1f33add",
        "type": "github"
      },
      "original": {
        "dir": "examples/reference",
        "owner": "repx-org",
        "repo": "repx",
        "type": "github"
      }
    },
    "root": {
      "inputs": {
        "nixpkgs": "nixpkgs",
        "repx-nix": "repx-nix",
        "repx-py": "repx-py"
      }
    },
    "systems": {
      "locked": {
        "lastModified": 1681028828,
        "narHash": "sha256-Vy1rq5AaRuLzOxct8nz4T6wlgyUR7zLU309k9mBC768=",
        "owner": "nix-systems",
        "repo": "default",
        "rev": "da67096a3b9bf56a91d16901293e51ba5b49a27e",
        "type": "github"
      },
      "original": {
        "owner": "nix-systems",
        "repo": "default",
        "type": "github"
      }
    }
  },
  "root": "root",
  "version": 7
}
